
Microsoft Visual Studio Solution File, Format Version 12.00
# Visual Studio Version 16
VisualStudioVersion = 16.0.31515.178
MinimumVisualStudioVersion = 10.0.40219.1
Project("{FAE04EC0-301F-11D3-BF4B-00C04F79EFBC}") = "ResumesAndVacanciesSystem", "ResumesAndVacanciesSystem\ResumesAndVacanciesSystem.csproj", "{37ED5A22-1A68-4323-A834-619FA2D8405A}"
EndProject
Project("{FAE04EC0-301F-11D3-BF4B-00C04F79EFBC}") = "BLL", "BLL\BLL.csproj", "{385293A3-B0D2-4808-A798-87047AFF568F}"
EndProject
Project("{FAE04EC0-301F-11D3-BF4B-00C04F79EFBC}") = "DAL", "DAL\DAL.csproj", "{1134B53D-E709-459B-847A-964A71878CF6}"
EndProject
Global
	GlobalSection(SolutionConfigurationPlatforms) = preSolution
		Debug|Any CPU = Debug|Any CPU
		Release|Any CPU = Release|Any CPU
	EndGlobalSection
	GlobalSection(ProjectConfigurationPlatforms) = postSolution
		{37ED5A22-1A68-4323-A834-619FA2D8405A}.Debug|Any CPU.ActiveCfg = Debug|Any CPU
		{37ED5A22-1A68-4323-A834-619FA2D8405A}.Debug|Any CPU.Build.0 = Debug|Any CPU
		{37ED5A22-1A68-4323-A834-619FA2D8405A}.Release|Any CPU.ActiveCfg = Release|Any CPU
		{37ED5A22-1A68-4323-A834-619FA2D8405A}.Release|Any CPU.Build.0 = Release|Any CPU
		{385293A3-B0D2-4808-A798-87047AFF568F}.Debug|Any CPU.ActiveCfg = Debug|Any CPU
		{385293A3-B0D2-4808-A798-87047AFF568F}.Debug|Any CPU.Build.0 = Debug|Any CPU
		{385293A3-B0D2-4808-A798-87047AFF568F}.Release|Any CPU.ActiveCfg = Release|Any CPU
		{385293A3-B0D2-4808-A798-87047AFF568F}.Release|Any CPU.Build.0 = Release|Any CPU
		{1134B53D-E709-459B-847A-964A71878CF6}.Debug|Any CPU.ActiveCfg = Debug|Any CPU
		{1134B53D-E709-459B-847A-964A71878CF6}.Debug|Any CPU.Build.0 = Debug|Any CPU
		{1134B53D-E709-459B-847A-964A71878CF6}.Release|Any CPU.ActiveCfg = Release|Any CPU
		{1134B53D-E709-459B-847A-964A71878CF6}.Release|Any CPU.Build.0 = Release|Any CPU
	EndGlobalSection
	GlobalSection(SolutionProperties) = preSolution
		HideSolutionNode = FALSE
	EndGlobalSection
	GlobalSection(ExtensibilityGlobals) = postSolution
		SolutionGuid = {B28D18B1-3F3E-4DCB-9D03-3476369A0735}
	EndGlobalSection
EndGlobal
